
Microsoft Visual Studio Solution File, Format Version 12.00
# Visual Studio Version 17
VisualStudioVersion = 17.0.31912.275
MinimumVisualStudioVersion = 10.0.40219.1
Project("{FAE04EC0-301F-11D3-BF4B-00C04F79EFBC}") = "CSharpTestProject", "CSharpTestProject.csproj", "{DD8288B5-47F7-4311-8CD8-87DAB8D0F7D2}"
EndProject
Global
	GlobalSection(SolutionConfigurationPlatforms) = preSolution
		Debug|Any CPU = Debug|Any CPU
		Release|Any CPU = Release|Any CPU
	EndGlobalSection
	GlobalSection(ProjectConfigurationPlatforms) = postSolution
		{DD8288B5-47F7-4311-8CD8-87DAB8D0F7D2}.Debug|Any CPU.ActiveCfg = Debug|Any CPU
		{DD8288B5-47F7-4311-8CD8-87DAB8D0F7D2}.Debug|Any CPU.Build.0 = Debug|Any CPU
		{DD8288B5-47F7-4311-8CD8-87DAB8D0F7D2}.Release|Any CPU.ActiveCfg = Release|Any CPU
		{DD8288B5-47F7-4311-8CD8-87DAB8D0F7D2}.Release|Any CPU.Build.0 = Release|Any CPU
	EndGlobalSection
	GlobalSection(SolutionProperties) = preSolution
		HideSolutionNode = FALSE
	EndGlobalSection
	GlobalSection(ExtensibilityGlobals) = postSolution
		SolutionGuid = {37E728BB-7F27-40A1-A3B1-E3CBACCE33D4}
	EndGlobalSection
EndGlobal
